
Microsoft Visual Studio Solution File, Format Version 12.00
# Visual Studio Version 17
VisualStudioVersion = 17.1.32210.238
MinimumVisualStudioVersion = 10.0.40219.1
Project("{FAE04EC0-301F-11D3-BF4B-00C04F79EFBC}") = "DegreeOfTwo", "DegreeOfTwo\DegreeOfTwo.csproj", "{319F94BB-24FD-40B1-9EB4-65D96AB79D30}"
EndProject
Global
	GlobalSection(SolutionConfigurationPlatforms) = preSolution
		Debug|Any CPU = Debug|Any CPU
		Release|Any CPU = Release|Any CPU
	EndGlobalSection
	GlobalSection(ProjectConfigurationPlatforms) = postSolution
		{319F94BB-24FD-40B1-9EB4-65D96AB79D30}.Debug|Any CPU.ActiveCfg = Debug|Any CPU
		{319F94BB-24FD-40B1-9EB4-65D96AB79D30}.Debug|Any CPU.Build.0 = Debug|Any CPU
		{319F94BB-24FD-40B1-9EB4-65D96AB79D30}.Release|Any CPU.ActiveCfg = Release|Any CPU
		{319F94BB-24FD-40B1-9EB4-65D96AB79D30}.Release|Any CPU.Build.0 = Release|Any CPU
	EndGlobalSection
	GlobalSection(SolutionProperties) = preSolution
		HideSolutionNode = FALSE
	EndGlobalSection
	GlobalSection(ExtensibilityGlobals) = postSolution
		SolutionGuid = {F9C049AF-3BE7-4FC5-999E-9CE756B1C366}
	EndGlobalSection
EndGlobal
